PODS:
  - OCHamcrest (6.0.0)
  - OCMockito (4.0.1):
    - OCHamcrest (~> 6.0)

DEPENDENCIES:
  - OCHamcrest (~> 6.0)
  - OCMockito (~> 4.0)

SPEC CHECKSUMS:
  OCHamcrest: fc8ab38149b97df8db8029a3f2157c951bf9081d
  OCMockito: 62ddc6afff6a883f2864d51224b1dfdc0e9a7df7

PODFILE CHECKSUM: 838c2ad6b0645aafc1e8816d53cd37465d178247

COCOAPODS: 1.1.1
