PODS:
  - OCHamcrest (7.0.2)
  - OCMockito (5.0.1):
    - OCHamcrest (~> 7.0)

DEPENDENCIES:
  - OCHamcrest (~> 7.0)
  - OCMockito (~> 5.0)

SPEC REPOS:
  https://github.com/cocoapods/specs.git:
    - OCHamcrest
    - OCMockito

SPEC CHECKSUMS:
  OCHamcrest: 706bfbf69a3df55a873bad096014e80e2e8ca93c
  OCMockito: 063837a086c058e764fcd23e771089c1759e7197

PODFILE CHECKSUM: d9774328de76ede79c6c97688b31c73787095ca4

COCOAPODS: 1.5.3
