// !$*UTF8*$!
{
	archiveVersion = 1;
	classes = {
	};
	objectVersion = 46;
	objects = {

/* Begin PBXBuildFile section */
		0E1EC9441C781FA600AE074F /* QCOURLQueryMatcherTests.m in Sources */ = {isa = PBXBuildFile; fileRef = 0E1EC9431C781FA600AE074F /* QCOURLQueryMatcherTests.m */; };
		481247A51DEBB80D00B95720 /* QCOFetchCharactersResponseBuilderTests.m in Sources */ = {isa = PBXBuildFile; fileRef = 481247A41DEBB80D00B95720 /* QCOFetchCharactersResponseBuilderTests.m */; };
		4873A2331DC054AA00E8C9A2 /* TestingAppDelegate.m in Sources */ = {isa = PBXBuildFile; fileRef = 7462DD201AB6313C00EE429E /* TestingAppDelegate.m */; };
		48DDD2831E7621FC00D2DCE4 /* QCOFetchCharactersResponseDataBuilderTests.m in Sources */ = {isa = PBXBuildFile; fileRef = 48DDD2821E7621FC00D2DCE4 /* QCOFetchCharactersResponseDataBuilderTests.m */; };
		48DDD2851E762E1C00D2DCE4 /* QCOCharacterResponseBuilderTests.m in Sources */ = {isa = PBXBuildFile; fileRef = 48DDD2841E762E1C00D2DCE4 /* QCOCharacterResponseBuilderTests.m */; };
		609E92ABD787275AC313A4AB /* QCOFetchCharactersMarvelService.m in Sources */ = {isa = PBXBuildFile; fileRef = 609E9250F3997E3D1CC14A9B /* QCOFetchCharactersMarvelService.m */; };
		609E985DF300A893AD02B8B3 /* QCOMarvelAuthentication.m in Sources */ = {isa = PBXBuildFile; fileRef = 609E950D6BA8062FC0F214A8 /* QCOMarvelAuthentication.m */; };
		609E99A7842D4BC05E1F6182 /* QCOMarvelAuthenticationTests.m in Sources */ = {isa = PBXBuildFile; fileRef = 609E98B120EF92D11321CCAF /* QCOMarvelAuthenticationTests.m */; };
		609E9B2883ABF6432AC9CEDF /* QCOMarvelAuthenticationAcceptanceTests.m in Sources */ = {isa = PBXBuildFile; fileRef = 609E968CEE92C91EA1889520 /* QCOMarvelAuthenticationAcceptanceTests.m */; };
		609E9EC82DB962E5B26058C3 /* QCOFetchCharactersRequestModel.m in Sources */ = {isa = PBXBuildFile; fileRef = 609E95C3EA7D949667F5A771 /* QCOFetchCharactersRequestModel.m */; };
		609E9ED670D468FF94105A93 /* QCOFetchCharactersMarvelServiceTests.m in Sources */ = {isa = PBXBuildFile; fileRef = 609E9A8AC61A8BCC6F21946E /* QCOFetchCharactersMarvelServiceTests.m */; };
		609E9FE53E50AFB4B38CD955 /* QCOURLQueryMatcher.m in Sources */ = {isa = PBXBuildFile; fileRef = 609E9469988A9317A915402E /* QCOURLQueryMatcher.m */; };
		716E1941D5E9CEFBAF09BE16 /* libPods-AcceptanceTests.a in Frameworks */ = {isa = PBXBuildFile; fileRef = 3FE3A426F643037B48A46FF5 /* libPods-AcceptanceTests.a */; };
		74CC7A8A1A1D9036007FCA40 /* main.m in Sources */ = {isa = PBXBuildFile; fileRef = 74CC7A891A1D9036007FCA40 /* main.m */; };
		74CC7A8D1A1D9036007FCA40 /* AppDelegate.m in Sources */ = {isa = PBXBuildFile; fileRef = 74CC7A8C1A1D9036007FCA40 /* AppDelegate.m */; };
		74CC7A901A1D9036007FCA40 /* ViewController.m in Sources */ = {isa = PBXBuildFile; fileRef = 74CC7A8F1A1D9036007FCA40 /* ViewController.m */; };
		74CC7A931A1D9036007FCA40 /* Main.storyboard in Resources */ = {isa = PBXBuildFile; fileRef = 74CC7A911A1D9036007FCA40 /* Main.storyboard */; };
		74CC7A951A1D9036007FCA40 /* Images.xcassets in Resources */ = {isa = PBXBuildFile; fileRef = 74CC7A941A1D9036007FCA40 /* Images.xcassets */; };
		74CC7A981A1D9036007FCA40 /* LaunchScreen.xib in Resources */ = {isa = PBXBuildFile; fileRef = 74CC7A961A1D9036007FCA40 /* LaunchScreen.xib */; };
		8D3BD2FB46F1B04390B9065E /* libPods-MarvelBrowserTests.a in Frameworks */ = {isa = PBXBuildFile; fileRef = DB140229E203CF67F2C670E0 /* libPods-MarvelBrowserTests.a */; };
		BB1701C2DC0FB8D46D2C2F5D /* QCOCharacterResponseBuilder.m in Sources */ = {isa = PBXBuildFile; fileRef = BB17032C47EF3F644689C4C8 /* QCOCharacterResponseBuilder.m */; };
		BB17036BA888B6A651EF56FF /* QCOFetchCharactersResponseBuilder.m in Sources */ = {isa = PBXBuildFile; fileRef = BB170EB9F28E5B3451977009 /* QCOFetchCharactersResponseBuilder.m */; };
		BB170745C014107EEA495350 /* QCOFetchCharactersResponseDataBuilder.m in Sources */ = {isa = PBXBuildFile; fileRef = BB1702D49819D1E23BFEB80F /* QCOFetchCharactersResponseDataBuilder.m */; };
		BB1709E8E850D2558BD872B5 /* QCOBuilderUtils.m in Sources */ = {isa = PBXBuildFile; fileRef = BB17090309549AC797F8802E /* QCOBuilderUtils.m */; };
		BB170EA19C8564DD2701B8B4 /* QCOFetchCharactersResponseModel.m in Sources */ = {isa = PBXBuildFile; fileRef = BB170D246257B43E17269506 /* QCOFetchCharactersResponseModel.m */; };
/* End PBXBuildFile section */

/* Begin PBXContainerItemProxy section */
		0E77099A1B50C1CD0056472E /* PBXContainerItemProxy */ = {
			isa = PBXContainerItemProxy;
			containerPortal = 74CC7A7C1A1D9036007FCA40 /* Project object */;
			proxyType = 1;
			remoteGlobalIDString = 74CC7A831A1D9036007FCA40;
			remoteInfo = MarvelBrowser;
		};
		74CC7A9E1A1D9036007FCA40 /* PBXContainerItemProxy */ = {
			isa = PBXContainerItemProxy;
			containerPortal = 74CC7A7C1A1D9036007FCA40 /* Project object */;
			proxyType = 1;
			remoteGlobalIDString = 74CC7A831A1D9036007FCA40;
			remoteInfo = MarvelBrowser;
		};
/* End PBXContainerItemProxy section */

/* Begin PBXFileReference section */
		0E1EC9431C781FA600AE074F /* QCOURLQueryMatcherTests.m */ = {isa = PBXFileReference; fileEncoding = 4; lastKnownFileType = sourcecode.c.objc; path = QCOURLQueryMatcherTests.m; sourceTree = "<group>"; };
		0E7709941B50C1CD0056472E /* AcceptanceTests.xctest */ = {isa = PBXFileReference; explicitFileType = wrapper.cfbundle; includeInIndex = 0; path = AcceptanceTests.xctest; sourceTree = BUILT_PRODUCTS_DIR; };
		24785E2828932317A9FFF690 /* Pods-MarvelBrowserTests.debug.xcconfig */ = {isa = PBXFileReference; includeInIndex = 1; lastKnownFileType = text.xcconfig; name = "Pods-MarvelBrowserTests.debug.xcconfig"; path = "Pods/Target Support Files/Pods-MarvelBrowserTests/Pods-MarvelBrowserTests.debug.xcconfig"; sourceTree = "<group>"; };
		38188BACA897CA99C095E0C0 /* Pods-AcceptanceTests.debug.xcconfig */ = {isa = PBXFileReference; includeInIndex = 1; lastKnownFileType = text.xcconfig; name = "Pods-AcceptanceTests.debug.xcconfig"; path = "Pods/Target Support Files/Pods-AcceptanceTests/Pods-AcceptanceTests.debug.xcconfig"; sourceTree = "<group>"; };
		3FE3A426F643037B48A46FF5 /* libPods-AcceptanceTests.a */ = {isa = PBXFileReference; explicitFileType = archive.ar; includeInIndex = 0; path = "libPods-AcceptanceTests.a"; sourceTree = BUILT_PRODUCTS_DIR; };
		481247A41DEBB80D00B95720 /* QCOFetchCharactersResponseBuilderTests.m */ = {isa = PBXFileReference; fileEncoding = 4; lastKnownFileType = sourcecode.c.objc; path = QCOFetchCharactersResponseBuilderTests.m; sourceTree = "<group>"; };
		48DDD2821E7621FC00D2DCE4 /* QCOFetchCharactersResponseDataBuilderTests.m */ = {isa = PBXFileReference; fileEncoding = 4; lastKnownFileType = sourcecode.c.objc; path = QCOFetchCharactersResponseDataBuilderTests.m; sourceTree = "<group>"; };
		48DDD2841E762E1C00D2DCE4 /* QCOCharacterResponseBuilderTests.m */ = {isa = PBXFileReference; fileEncoding = 4; lastKnownFileType = sourcecode.c.objc; path = QCOCharacterResponseBuilderTests.m; sourceTree = "<group>"; };
		609E91893F8F324ECD9EF3DC /* QCOFetchCharactersRequestModel.h */ = {isa = PBXFileReference; fileEncoding = 4; lastKnownFileType = sourcecode.c.h; path = QCOFetchCharactersRequestModel.h; sourceTree = "<group>"; };
		609E9250F3997E3D1CC14A9B /* QCOFetchCharactersMarvelService.m */ = {isa = PBXFileReference; fileEncoding = 4; lastKnownFileType = sourcecode.c.objc; path = QCOFetchCharactersMarvelService.m; sourceTree = "<group>"; };
		609E9469988A9317A915402E /* QCOURLQueryMatcher.m */ = {isa = PBXFileReference; fileEncoding = 4; lastKnownFileType = sourcecode.c.objc; path = QCOURLQueryMatcher.m; sourceTree = "<group>"; };
		609E94FCC300D43E9052EFC8 /* QCOFetchCharactersMarvelService.h */ = {isa = PBXFileReference; fileEncoding = 4; lastKnownFileType = sourcecode.c.h; path = QCOFetchCharactersMarvelService.h; sourceTree = "<group>"; };
		609E950D6BA8062FC0F214A8 /* QCOMarvelAuthentication.m */ = {isa = PBXFileReference; fileEncoding = 4; lastKnownFileType = sourcecode.c.objc; path = QCOMarvelAuthentication.m; sourceTree = "<group>"; };
		609E95C3EA7D949667F5A771 /* QCOFetchCharactersRequestModel.m */ = {isa = PBXFileReference; fileEncoding = 4; lastKnownFileType = sourcecode.c.objc; path = QCOFetchCharactersRequestModel.m; sourceTree = "<group>"; };
		609E968CEE92C91EA1889520 /* QCOMarvelAuthenticationAcceptanceTests.m */ = {isa = PBXFileReference; fileEncoding = 4; lastKnownFileType = sourcecode.c.objc; path = QCOMarvelAuthenticationAcceptanceTests.m; sourceTree = "<group>"; };
		609E98B120EF92D11321CCAF /* QCOMarvelAuthenticationTests.m */ = {isa = PBXFileReference; fileEncoding = 4; lastKnownFileType = sourcecode.c.objc; path = QCOMarvelAuthenticationTests.m; sourceTree = "<group>"; };
		609E9A8AC61A8BCC6F21946E /* QCOFetchCharactersMarvelServiceTests.m */ = {isa = PBXFileReference; fileEncoding = 4; lastKnownFileType = sourcecode.c.objc; path = QCOFetchCharactersMarvelServiceTests.m; sourceTree = "<group>"; };
		609E9AD95579A176D1F76003 /* QCOMarvelAuthentication.h */ = {isa = PBXFileReference; fileEncoding = 4; lastKnownFileType = sourcecode.c.h; path = QCOMarvelAuthentication.h; sourceTree = "<group>"; };
		609E9EF09C33C78261E5C0CB /* QCOURLQueryMatcher.h */ = {isa = PBXFileReference; fileEncoding = 4; lastKnownFileType = sourcecode.c.h; path = QCOURLQueryMatcher.h; sourceTree = "<group>"; };
		7462DD1F1AB6313C00EE429E /* TestingAppDelegate.h */ = {isa = PBXFileReference; fileEncoding = 4; lastKnownFileType = sourcecode.c.h; path = TestingAppDelegate.h; sourceTree = "<group>"; };
		7462DD201AB6313C00EE429E /* TestingAppDelegate.m */ = {isa = PBXFileReference; fileEncoding = 4; lastKnownFileType = sourcecode.c.objc; path = TestingAppDelegate.m; sourceTree = "<group>"; };
		747AF50F1A34C16E005EC86B /* XcodeWarnings.xcconfig */ = {isa = PBXFileReference; lastKnownFileType = text.xcconfig; path = XcodeWarnings.xcconfig; sourceTree = "<group>"; };
		74CC7A841A1D9036007FCA40 /* MarvelBrowser.app */ = {isa = PBXFileReference; explicitFileType = wrapper.application; includeInIndex = 0; path = MarvelBrowser.app; sourceTree = BUILT_PRODUCTS_DIR; };
		74CC7A881A1D9036007FCA40 /* App-Info.plist */ = {isa = PBXFileReference; lastKnownFileType = text.plist.xml; path = "App-Info.plist"; sourceTree = "<group>"; };
		74CC7A891A1D9036007FCA40 /* main.m */ = {isa = PBXFileReference; lastKnownFileType = sourcecode.c.objc; path = main.m; sourceTree = "<group>"; };
		74CC7A8B1A1D9036007FCA40 /* AppDelegate.h */ = {isa = PBXFileReference; lastKnownFileType = sourcecode.c.h; path = AppDelegate.h; sourceTree = "<group>"; };
		74CC7A8C1A1D9036007FCA40 /* AppDelegate.m */ = {isa = PBXFileReference; lastKnownFileType = sourcecode.c.objc; path = AppDelegate.m; sourceTree = "<group>"; };
		74CC7A8E1A1D9036007FCA40 /* ViewController.h */ = {isa = PBXFileReference; lastKnownFileType = sourcecode.c.h; path = ViewController.h; sourceTree = "<group>"; };
		74CC7A8F1A1D9036007FCA40 /* ViewController.m */ = {isa = PBXFileReference; lastKnownFileType = sourcecode.c.objc; path = ViewController.m; sourceTree = "<group>"; };
		74CC7A921A1D9036007FCA40 /* Base */ = {isa = PBXFileReference; lastKnownFileType = file.storyboard; name = Base; path = Base.lproj/Main.storyboard; sourceTree = "<group>"; };
		74CC7A941A1D9036007FCA40 /* Images.xcassets */ = {isa = PBXFileReference; lastKnownFileType = folder.assetcatalog; path = Images.xcassets; sourceTree = "<group>"; };
		74CC7A971A1D9036007FCA40 /* Base */ = {isa = PBXFileReference; lastKnownFileType = file.xib; name = Base; path = Base.lproj/LaunchScreen.xib; sourceTree = "<group>"; };
		74CC7A9D1A1D9036007FCA40 /* MarvelBrowserTests.xctest */ = {isa = PBXFileReference; explicitFileType = wrapper.cfbundle; includeInIndex = 0; path = MarvelBrowserTests.xctest; sourceTree = BUILT_PRODUCTS_DIR; };
		74CC7AA21A1D9036007FCA40 /* Tests-Info.plist */ = {isa = PBXFileReference; lastKnownFileType = text.plist.xml; name = "Tests-Info.plist"; path = "MarvelBrowser/Tests-Info.plist"; sourceTree = SOURCE_ROOT; };
		8810199690EE399F9C8C93FC /* Pods-AcceptanceTests.release.xcconfig */ = {isa = PBXFileReference; includeInIndex = 1; lastKnownFileType = text.xcconfig; name = "Pods-AcceptanceTests.release.xcconfig"; path = "Pods/Target Support Files/Pods-AcceptanceTests/Pods-AcceptanceTests.release.xcconfig"; sourceTree = "<group>"; };
		9FBBCFAD0086053CEB04F8CE /* Pods-MarvelBrowserTests.release.xcconfig */ = {isa = PBXFileReference; includeInIndex = 1; lastKnownFileType = text.xcconfig; name = "Pods-MarvelBrowserTests.release.xcconfig"; path = "Pods/Target Support Files/Pods-MarvelBrowserTests/Pods-MarvelBrowserTests.release.xcconfig"; sourceTree = "<group>"; };
		BB1700A55BD18EA732D83AC3 /* QCOBuilderUtils.h */ = {isa = PBXFileReference; fileEncoding = 4; lastKnownFileType = sourcecode.c.h; path = QCOBuilderUtils.h; sourceTree = "<group>"; };
		BB1702D49819D1E23BFEB80F /* QCOFetchCharactersResponseDataBuilder.m */ = {isa = PBXFileReference; fileEncoding = 4; lastKnownFileType = sourcecode.c.objc; path = QCOFetchCharactersResponseDataBuilder.m; sourceTree = "<group>"; };
		BB17032C47EF3F644689C4C8 /* QCOCharacterResponseBuilder.m */ = {isa = PBXFileReference; fileEncoding = 4; lastKnownFileType = sourcecode.c.objc; path = QCOCharacterResponseBuilder.m; sourceTree = "<group>"; };
		BB17057FF1C612046AF272D8 /* QCOFetchCharactersResponseDataBuilder.h */ = {isa = PBXFileReference; fileEncoding = 4; lastKnownFileType = sourcecode.c.h; path = QCOFetchCharactersResponseDataBuilder.h; sourceTree = "<group>"; };
		BB17090309549AC797F8802E /* QCOBuilderUtils.m */ = {isa = PBXFileReference; fileEncoding = 4; lastKnownFileType = sourcecode.c.objc; path = QCOBuilderUtils.m; sourceTree = "<group>"; };
		BB170A4E8566582ED85EFC16 /* QCOFetchCharactersResponseModel.h */ = {isa = PBXFileReference; fileEncoding = 4; lastKnownFileType = sourcecode.c.h; path = QCOFetchCharactersResponseModel.h; sourceTree = "<group>"; };
		BB170D246257B43E17269506 /* QCOFetchCharactersResponseModel.m */ = {isa = PBXFileReference; fileEncoding = 4; lastKnownFileType = sourcecode.c.objc; path = QCOFetchCharactersResponseModel.m; sourceTree = "<group>"; };
		BB170EB9F28E5B3451977009 /* QCOFetchCharactersResponseBuilder.m */ = {isa = PBXFileReference; fileEncoding = 4; lastKnownFileType = sourcecode.c.objc; path = QCOFetchCharactersResponseBuilder.m; sourceTree = "<group>"; };
		BB170F8EE62542DBD3B9EBD4 /* QCOFetchCharactersResponseBuilder.h */ = {isa = PBXFileReference; fileEncoding = 4; lastKnownFileType = sourcecode.c.h; path = QCOFetchCharactersResponseBuilder.h; sourceTree = "<group>"; };
		BB170FA6B264C91149AB4597 /* QCOCharacterResponseBuilder.h */ = {isa = PBXFileReference; fileEncoding = 4; lastKnownFileType = sourcecode.c.h; path = QCOCharacterResponseBuilder.h; sourceTree = "<group>"; };
		DB140229E203CF67F2C670E0 /* libPods-MarvelBrowserTests.a */ = {isa = PBXFileReference; explicitFileType = archive.ar; includeInIndex = 0; path = "libPods-MarvelBrowserTests.a"; sourceTree = BUILT_PRODUCTS_DIR; };
/* End PBXFileReference section */

/* Begin PBXFrameworksBuildPhase section */
		0E7709911B50C1CD0056472E /* Frameworks */ = {
			isa = PBXFrameworksBuildPhase;
			buildActionMask = 2147483647;
			files = (
				716E1941D5E9CEFBAF09BE16 /* libPods-AcceptanceTests.a in Frameworks */,
			);
			runOnlyForDeploymentPostprocessing = 0;
		};
		74CC7A811A1D9036007FCA40 /* Frameworks */ = {
			isa = PBXFrameworksBuildPhase;
			buildActionMask = 2147483647;
			files = (
			);
			runOnlyForDeploymentPostprocessing = 0;
		};
		74CC7A9A1A1D9036007FCA40 /* Frameworks */ = {
			isa = PBXFrameworksBuildPhase;
			buildActionMask = 2147483647;
			files = (
				8D3BD2FB46F1B04390B9065E /* libPods-MarvelBrowserTests.a in Frameworks */,
			);
			runOnlyForDeploymentPostprocessing = 0;
		};
/* End PBXFrameworksBuildPhase section */

/* Begin PBXGroup section */
		00ACB743A9A842939A5A0B18 /* Frameworks */ = {
			isa = PBXGroup;
			children = (
				3FE3A426F643037B48A46FF5 /* libPods-AcceptanceTests.a */,
				DB140229E203CF67F2C670E0 /* libPods-MarvelBrowserTests.a */,
			);
			name = Frameworks;
			sourceTree = "<group>";
		};
		74CC7A7B1A1D9036007FCA40 = {
			isa = PBXGroup;
			children = (
				747AF50F1A34C16E005EC86B /* XcodeWarnings.xcconfig */,
				74CC7A861A1D9036007FCA40 /* MarvelBrowser */,
				74CC7A851A1D9036007FCA40 /* Products */,
				87A2A84B8AC1EF420B4EEBDC /* Pods */,
				00ACB743A9A842939A5A0B18 /* Frameworks */,
			);
			indentWidth = 4;
			sourceTree = "<group>";
			tabWidth = 4;
		};
		74CC7A851A1D9036007FCA40 /* Products */ = {
			isa = PBXGroup;
			children = (
				74CC7A841A1D9036007FCA40 /* MarvelBrowser.app */,
				74CC7A9D1A1D9036007FCA40 /* MarvelBrowserTests.xctest */,
				0E7709941B50C1CD0056472E /* AcceptanceTests.xctest */,
			);
			name = Products;
			sourceTree = "<group>";
		};
		74CC7A861A1D9036007FCA40 /* MarvelBrowser */ = {
			isa = PBXGroup;
			children = (
				74CC7A8B1A1D9036007FCA40 /* AppDelegate.h */,
				74CC7A8C1A1D9036007FCA40 /* AppDelegate.m */,
				7462DD1F1AB6313C00EE429E /* TestingAppDelegate.h */,
				7462DD201AB6313C00EE429E /* TestingAppDelegate.m */,
				74CC7A8E1A1D9036007FCA40 /* ViewController.h */,
				74CC7A8F1A1D9036007FCA40 /* ViewController.m */,
				74CC7A911A1D9036007FCA40 /* Main.storyboard */,
				74CC7A941A1D9036007FCA40 /* Images.xcassets */,
				74CC7A961A1D9036007FCA40 /* LaunchScreen.xib */,
				74CC7A871A1D9036007FCA40 /* Supporting Files */,
				BB170FA6B264C91149AB4597 /* QCOCharacterResponseBuilder.h */,
				BB17032C47EF3F644689C4C8 /* QCOCharacterResponseBuilder.m */,
				48DDD2841E762E1C00D2DCE4 /* QCOCharacterResponseBuilderTests.m */,
				609E94FCC300D43E9052EFC8 /* QCOFetchCharactersMarvelService.h */,
				609E9250F3997E3D1CC14A9B /* QCOFetchCharactersMarvelService.m */,
				609E9A8AC61A8BCC6F21946E /* QCOFetchCharactersMarvelServiceTests.m */,
				609E91893F8F324ECD9EF3DC /* QCOFetchCharactersRequestModel.h */,
				609E95C3EA7D949667F5A771 /* QCOFetchCharactersRequestModel.m */,
				BB170F8EE62542DBD3B9EBD4 /* QCOFetchCharactersResponseBuilder.h */,
				BB170EB9F28E5B3451977009 /* QCOFetchCharactersResponseBuilder.m */,
				481247A41DEBB80D00B95720 /* QCOFetchCharactersResponseBuilderTests.m */,
				BB170A4E8566582ED85EFC16 /* QCOFetchCharactersResponseModel.h */,
				BB170D246257B43E17269506 /* QCOFetchCharactersResponseModel.m */,
				BB17057FF1C612046AF272D8 /* QCOFetchCharactersResponseDataBuilder.h */,
				BB1702D49819D1E23BFEB80F /* QCOFetchCharactersResponseDataBuilder.m */,
				48DDD2821E7621FC00D2DCE4 /* QCOFetchCharactersResponseDataBuilderTests.m */,
				609E98B120EF92D11321CCAF /* QCOMarvelAuthenticationTests.m */,
				609E9AD95579A176D1F76003 /* QCOMarvelAuthentication.h */,
				609E950D6BA8062FC0F214A8 /* QCOMarvelAuthentication.m */,
				609E968CEE92C91EA1889520 /* QCOMarvelAuthenticationAcceptanceTests.m */,
				609E9EF09C33C78261E5C0CB /* QCOURLQueryMatcher.h */,
				609E9469988A9317A915402E /* QCOURLQueryMatcher.m */,
				0E1EC9431C781FA600AE074F /* QCOURLQueryMatcherTests.m */,
				BB17090309549AC797F8802E /* QCOBuilderUtils.m */,
				BB1700A55BD18EA732D83AC3 /* QCOBuilderUtils.h */,
			);
			path = MarvelBrowser;
			sourceTree = "<group>";
		};
		74CC7A871A1D9036007FCA40 /* Supporting Files */ = {
			isa = PBXGroup;
			children = (
				74CC7A881A1D9036007FCA40 /* App-Info.plist */,
				74CC7AA21A1D9036007FCA40 /* Tests-Info.plist */,
				74CC7A891A1D9036007FCA40 /* main.m */,
			);
			name = "Supporting Files";
			sourceTree = "<group>";
		};
		87A2A84B8AC1EF420B4EEBDC /* Pods */ = {
			isa = PBXGroup;
			children = (
				38188BACA897CA99C095E0C0 /* Pods-AcceptanceTests.debug.xcconfig */,
				8810199690EE399F9C8C93FC /* Pods-AcceptanceTests.release.xcconfig */,
				24785E2828932317A9FFF690 /* Pods-MarvelBrowserTests.debug.xcconfig */,
				9FBBCFAD0086053CEB04F8CE /* Pods-MarvelBrowserTests.release.xcconfig */,
			);
			name = Pods;
			sourceTree = "<group>";
		};
/* End PBXGroup section */

/* Begin PBXNativeTarget section */
		0E7709931B50C1CD0056472E /* AcceptanceTests */ = {
			isa = PBXNativeTarget;
			buildConfigurationList = 0E77099E1B50C1CD0056472E /* Build configuration list for PBXNativeTarget "AcceptanceTests" */;
			buildPhases = (
				05B10DC965ED0CF7479D75A5 /* [CP] Check Pods Manifest.lock */,
				0E7709901B50C1CD0056472E /* Sources */,
				0E7709911B50C1CD0056472E /* Frameworks */,
				0E7709921B50C1CD0056472E /* Resources */,
				71EEFA39715F55C5CD2B798D /* [CP] Embed Pods Frameworks */,
				58ED8CD6F1AC2BA4AA266DE3 /* [CP] Copy Pods Resources */,
			);
			buildRules = (
			);
			dependencies = (
				0E77099B1B50C1CD0056472E /* PBXTargetDependency */,
			);
			name = AcceptanceTests;
			productName = AcceptanceTests;
			productReference = 0E7709941B50C1CD0056472E /* AcceptanceTests.xctest */;
			productType = "com.apple.product-type.bundle.unit-test";
		};
		74CC7A831A1D9036007FCA40 /* MarvelBrowser */ = {
			isa = PBXNativeTarget;
			buildConfigurationList = 74CC7AA71A1D9036007FCA40 /* Build configuration list for PBXNativeTarget "MarvelBrowser" */;
			buildPhases = (
				74CC7A801A1D9036007FCA40 /* Sources */,
				74CC7A811A1D9036007FCA40 /* Frameworks */,
				74CC7A821A1D9036007FCA40 /* Resources */,
			);
			buildRules = (
			);
			dependencies = (
			);
			name = MarvelBrowser;
			productName = MarvelBrowser;
			productReference = 74CC7A841A1D9036007FCA40 /* MarvelBrowser.app */;
			productType = "com.apple.product-type.application";
		};
		74CC7A9C1A1D9036007FCA40 /* MarvelBrowserTests */ = {
			isa = PBXNativeTarget;
			buildConfigurationList = 74CC7AAA1A1D9036007FCA40 /* Build configuration list for PBXNativeTarget "MarvelBrowserTests" */;
			buildPhases = (
				2130736AED2E66625E95A0A8 /* [CP] Check Pods Manifest.lock */,
				74CC7A991A1D9036007FCA40 /* Sources */,
				74CC7A9A1A1D9036007FCA40 /* Frameworks */,
				74CC7A9B1A1D9036007FCA40 /* Resources */,
				B28CFC08BE3EBC340E79654E /* [CP] Embed Pods Frameworks */,
				9B6B1B1CDFB6684E0F07710E /* [CP] Copy Pods Resources */,
			);
			buildRules = (
			);
			dependencies = (
				74CC7A9F1A1D9036007FCA40 /* PBXTargetDependency */,
			);
			name = MarvelBrowserTests;
			productName = MarvelBrowserTests;
			productReference = 74CC7A9D1A1D9036007FCA40 /* MarvelBrowserTests.xctest */;
			productType = "com.apple.product-type.bundle.unit-test";
		};
/* End PBXNativeTarget section */

/* Begin PBXProject section */
		74CC7A7C1A1D9036007FCA40 /* Project object */ = {
			isa = PBXProject;
			attributes = {
				LastUpgradeCheck = 0810;
				ORGANIZATIONNAME = "Jon Reid";
				TargetAttributes = {
					0E7709931B50C1CD0056472E = {
						CreatedOnToolsVersion = 6.4;
						TestTargetID = 74CC7A831A1D9036007FCA40;
					};
					74CC7A831A1D9036007FCA40 = {
						CreatedOnToolsVersion = 6.1;
					};
					74CC7A9C1A1D9036007FCA40 = {
						CreatedOnToolsVersion = 6.1;
						TestTargetID = 74CC7A831A1D9036007FCA40;
					};
				};
			};
			buildConfigurationList = 74CC7A7F1A1D9036007FCA40 /* Build configuration list for PBXProject "MarvelBrowser" */;
			compatibilityVersion = "Xcode 3.2";
			developmentRegion = English;
			hasScannedForEncodings = 0;
			knownRegions = (
				en,
				Base,
			);
			mainGroup = 74CC7A7B1A1D9036007FCA40;
			productRefGroup = 74CC7A851A1D9036007FCA40 /* Products */;
			projectDirPath = "";
			projectRoot = "";
			targets = (
				74CC7A831A1D9036007FCA40 /* MarvelBrowser */,
				74CC7A9C1A1D9036007FCA40 /* MarvelBrowserTests */,
				0E7709931B50C1CD0056472E /* AcceptanceTests */,
			);
		};
/* End PBXProject section */

/* Begin PBXResourcesBuildPhase section */
		0E7709921B50C1CD0056472E /* Resources */ = {
			isa = PBXResourcesBuildPhase;
			buildActionMask = 2147483647;
			files = (
			);
			runOnlyForDeploymentPostprocessing = 0;
		};
		74CC7A821A1D9036007FCA40 /* Resources */ = {
			isa = PBXResourcesBuildPhase;
			buildActionMask = 2147483647;
			files = (
				74CC7A931A1D9036007FCA40 /* Main.storyboard in Resources */,
				74CC7A981A1D9036007FCA40 /* LaunchScreen.xib in Resources */,
				74CC7A951A1D9036007FCA40 /* Images.xcassets in Resources */,
			);
			runOnlyForDeploymentPostprocessing = 0;
		};
		74CC7A9B1A1D9036007FCA40 /* Resources */ = {
			isa = PBXResourcesBuildPhase;
			buildActionMask = 2147483647;
			files = (
			);
			runOnlyForDeploymentPostprocessing = 0;
		};
/* End PBXResourcesBuildPhase section */

/* Begin PBXShellScriptBuildPhase section */
		05B10DC965ED0CF7479D75A5 /* [CP] Check Pods Manifest.lock */ = {
			isa = PBXShellScriptBuildPhase;
			buildActionMask = 2147483647;
			files = (
			);
			inputPaths = (
			);
			name = "[CP] Check Pods Manifest.lock";
			outputPaths = (
			);
			runOnlyForDeploymentPostprocessing = 0;
			shellPath = /bin/sh;
			shellScript = "diff \"${PODS_ROOT}/../Podfile.lock\" \"${PODS_ROOT}/Manifest.lock\" > /dev/null\nif [ $? != 0 ] ; then\n    # print error to STDERR\n    echo \"error: The sandbox is not in sync with the Podfile.lock. Run 'pod install' or update your CocoaPods installation.\" >&2\n    exit 1\nfi\n";
			showEnvVarsInLog = 0;
		};
		2130736AED2E66625E95A0A8 /* [CP] Check Pods Manifest.lock */ = {
			isa = PBXShellScriptBuildPhase;
			buildActionMask = 2147483647;
			files = (
			);
			inputPaths = (
			);
			name = "[CP] Check Pods Manifest.lock";
			outputPaths = (
			);
			runOnlyForDeploymentPostprocessing = 0;
			shellPath = /bin/sh;
			shellScript = "diff \"${PODS_ROOT}/../Podfile.lock\" \"${PODS_ROOT}/Manifest.lock\" > /dev/null\nif [ $? != 0 ] ; then\n    # print error to STDERR\n    echo \"error: The sandbox is not in sync with the Podfile.lock. Run 'pod install' or update your CocoaPods installation.\" >&2\n    exit 1\nfi\n";
			showEnvVarsInLog = 0;
		};
		58ED8CD6F1AC2BA4AA266DE3 /* [CP] Copy Pods Resources */ = {
			isa = PBXShellScriptBuildPhase;
			buildActionMask = 2147483647;
			files = (
			);
			inputPaths = (
			);
			name = "[CP] Copy Pods Resources";
			outputPaths = (
			);
			runOnlyForDeploymentPostprocessing = 0;
			shellPath = /bin/sh;
			shellScript = "\"${SRCROOT}/Pods/Target Support Files/Pods-AcceptanceTests/Pods-AcceptanceTests-resources.sh\"\n";
			showEnvVarsInLog = 0;
		};
		71EEFA39715F55C5CD2B798D /* [CP] Embed Pods Frameworks */ = {
			isa = PBXShellScriptBuildPhase;
			buildActionMask = 2147483647;
			files = (
			);
			inputPaths = (
			);
			name = "[CP] Embed Pods Frameworks";
			outputPaths = (
			);
			runOnlyForDeploymentPostprocessing = 0;
			shellPath = /bin/sh;
			shellScript = "\"${SRCROOT}/Pods/Target Support Files/Pods-AcceptanceTests/Pods-AcceptanceTests-frameworks.sh\"\n";
			showEnvVarsInLog = 0;
		};
		9B6B1B1CDFB6684E0F07710E /* [CP] Copy Pods Resources */ = {
			isa = PBXShellScriptBuildPhase;
			buildActionMask = 2147483647;
			files = (
			);
			inputPaths = (
			);
			name = "[CP] Copy Pods Resources";
			outputPaths = (
			);
			runOnlyForDeploymentPostprocessing = 0;
			shellPath = /bin/sh;
			shellScript = "\"${SRCROOT}/Pods/Target Support Files/Pods-MarvelBrowserTests/Pods-MarvelBrowserTests-resources.sh\"\n";
			showEnvVarsInLog = 0;
		};
		B28CFC08BE3EBC340E79654E /* [CP] Embed Pods Frameworks */ = {
			isa = PBXShellScriptBuildPhase;
			buildActionMask = 2147483647;
			files = (
			);
			inputPaths = (
			);
			name = "[CP] Embed Pods Frameworks";
			outputPaths = (
			);
			runOnlyForDeploymentPostprocessing = 0;
			shellPath = /bin/sh;
			shellScript = "\"${SRCROOT}/Pods/Target Support Files/Pods-MarvelBrowserTests/Pods-MarvelBrowserTests-frameworks.sh\"\n";
			showEnvVarsInLog = 0;
		};
/* End PBXShellScriptBuildPhase section */

/* Begin PBXSourcesBuildPhase section */
		0E7709901B50C1CD0056472E /* Sources */ = {
			isa = PBXSourcesBuildPhase;
			buildActionMask = 2147483647;
			files = (
				609E9B2883ABF6432AC9CEDF /* QCOMarvelAuthenticationAcceptanceTests.m in Sources */,
			);
			runOnlyForDeploymentPostprocessing = 0;
		};
		74CC7A801A1D9036007FCA40 /* Sources */ = {
			isa = PBXSourcesBuildPhase;
			buildActionMask = 2147483647;
			files = (
				74CC7A901A1D9036007FCA40 /* ViewController.m in Sources */,
				74CC7A8D1A1D9036007FCA40 /* AppDelegate.m in Sources */,
				74CC7A8A1A1D9036007FCA40 /* main.m in Sources */,
				609E985DF300A893AD02B8B3 /* QCOMarvelAuthentication.m in Sources */,
				609E92ABD787275AC313A4AB /* QCOFetchCharactersMarvelService.m in Sources */,
				609E9EC82DB962E5B26058C3 /* QCOFetchCharactersRequestModel.m in Sources */,
				BB17036BA888B6A651EF56FF /* QCOFetchCharactersResponseBuilder.m in Sources */,
				BB170EA19C8564DD2701B8B4 /* QCOFetchCharactersResponseModel.m in Sources */,
				BB170745C014107EEA495350 /* QCOFetchCharactersResponseDataBuilder.m in Sources */,
				BB1709E8E850D2558BD872B5 /* QCOBuilderUtils.m in Sources */,
				BB1701C2DC0FB8D46D2C2F5D /* QCOCharacterResponseBuilder.m in Sources */,
			);
			runOnlyForDeploymentPostprocessing = 0;
		};
		74CC7A991A1D9036007FCA40 /* Sources */ = {
			isa = PBXSourcesBuildPhase;
			buildActionMask = 2147483647;
			files = (
				609E99A7842D4BC05E1F6182 /* QCOMarvelAuthenticationTests.m in Sources */,
				609E9ED670D468FF94105A93 /* QCOFetchCharactersMarvelServiceTests.m in Sources */,
				48DDD2831E7621FC00D2DCE4 /* QCOFetchCharactersResponseDataBuilderTests.m in Sources */,
				0E1EC9441C781FA600AE074F /* QCOURLQueryMatcherTests.m in Sources */,
				4873A2331DC054AA00E8C9A2 /* TestingAppDelegate.m in Sources */,
				609E9FE53E50AFB4B38CD955 /* QCOURLQueryMatcher.m in Sources */,
				481247A51DEBB80D00B95720 /* QCOFetchCharactersResponseBuilderTests.m in Sources */,
				48DDD2851E762E1C00D2DCE4 /* QCOCharacterResponseBuilderTests.m in Sources */,
			);
			runOnlyForDeploymentPostprocessing = 0;
		};
/* End PBXSourcesBuildPhase section */

/* Begin PBXTargetDependency section */
		0E77099B1B50C1CD0056472E /* PBXTargetDependency */ = {
			isa = PBXTargetDependency;
			target = 74CC7A831A1D9036007FCA40 /* MarvelBrowser */;
			targetProxy = 0E77099A1B50C1CD0056472E /* PBXContainerItemProxy */;
		};
		74CC7A9F1A1D9036007FCA40 /* PBXTargetDependency */ = {
			isa = PBXTargetDependency;
			target = 74CC7A831A1D9036007FCA40 /* MarvelBrowser */;
			targetProxy = 74CC7A9E1A1D9036007FCA40 /* PBXContainerItemProxy */;
		};
/* End PBXTargetDependency section */

/* Begin PBXVariantGroup section */
		74CC7A911A1D9036007FCA40 /* Main.storyboard */ = {
			isa = PBXVariantGroup;
			children = (
				74CC7A921A1D9036007FCA40 /* Base */,
			);
			name = Main.storyboard;
			sourceTree = "<group>";
		};
		74CC7A961A1D9036007FCA40 /* LaunchScreen.xib */ = {
			isa = PBXVariantGroup;
			children = (
				74CC7A971A1D9036007FCA40 /* Base */,
			);
			name = LaunchScreen.xib;
			sourceTree = "<group>";
		};
/* End PBXVariantGroup section */

/* Begin XCBuildConfiguration section */
		0E77099C1B50C1CD0056472E /* Debug */ = {
			isa = XCBuildConfiguration;
			baseConfigurationReference = 38188BACA897CA99C095E0C0 /* Pods-AcceptanceTests.debug.xcconfig */;
			buildSettings = {
				BUNDLE_LOADER = "$(TEST_HOST)";
				CLANG_WARN_BOOL_CONVERSION = YES;
				CLANG_WARN_CONSTANT_CONVERSION = YES;
				CLANG_WARN_DIRECT_OBJC_ISA_USAGE = YES_ERROR;
				CLANG_WARN_EMPTY_BODY = YES;
				CLANG_WARN_ENUM_CONVERSION = YES;
				CLANG_WARN_INT_CONVERSION = YES;
				CLANG_WARN_OBJC_ROOT_CLASS = YES_ERROR;
				CLANG_WARN_UNREACHABLE_CODE = YES;
				CLANG_WARN__DUPLICATE_METHOD_MATCH = YES;
				DEBUG_INFORMATION_FORMAT = "dwarf-with-dsym";
				GCC_NO_COMMON_BLOCKS = YES;
				GCC_PREPROCESSOR_DEFINITIONS = (
					"DEBUG=1",
					"$(inherited)",
				);
				GCC_WARN_64_TO_32_BIT_CONVERSION = YES;
				GCC_WARN_ABOUT_RETURN_TYPE = YES_ERROR;
				GCC_WARN_UNDECLARED_SELECTOR = YES;
				GCC_WARN_UNINITIALIZED_AUTOS = YES_AGGRESSIVE;
				GCC_WARN_UNUSED_FUNCTION = YES;
				GCC_WARN_UNUSED_VARIABLE = YES;
				INFOPLIST_FILE = "MarvelBrowser/Tests-Info.plist";
				IPHONEOS_DEPLOYMENT_TARGET = 9.3;
				LD_RUNPATH_SEARCH_PATHS = "$(inherited) @executable_path/Frameworks @loader_path/Frameworks";
				PRODUCT_BUNDLE_IDENTIFIER = "org.qualitycoding.$(PRODUCT_NAME:rfc1034identifier)";
				PRODUCT_NAME = "$(TARGET_NAME)";
				TEST_HOST = "$(BUILT_PRODUCTS_DIR)/MarvelBrowser.app/MarvelBrowser";
			};
			name = Debug;
		};
		0E77099D1B50C1CD0056472E /* Release */ = {
			isa = XCBuildConfiguration;
			baseConfigurationReference = 8810199690EE399F9C8C93FC /* Pods-AcceptanceTests.release.xcconfig */;
			buildSettings = {
				BUNDLE_LOADER = "$(TEST_HOST)";
				CLANG_WARN_BOOL_CONVERSION = YES;
				CLANG_WARN_CONSTANT_CONVERSION = YES;
				CLANG_WARN_DIRECT_OBJC_ISA_USAGE = YES_ERROR;
				CLANG_WARN_EMPTY_BODY = YES;
				CLANG_WARN_ENUM_CONVERSION = YES;
				CLANG_WARN_INT_CONVERSION = YES;
				CLANG_WARN_OBJC_ROOT_CLASS = YES_ERROR;
				CLANG_WARN_UNREACHABLE_CODE = YES;
				CLANG_WARN__DUPLICATE_METHOD_MATCH = YES;
				COPY_PHASE_STRIP = NO;
				DEBUG_INFORMATION_FORMAT = "dwarf-with-dsym";
				GCC_NO_COMMON_BLOCKS = YES;
				GCC_WARN_64_TO_32_BIT_CONVERSION = YES;
				GCC_WARN_ABOUT_RETURN_TYPE = YES_ERROR;
				GCC_WARN_UNDECLARED_SELECTOR = YES;
				GCC_WARN_UNINITIALIZED_AUTOS = YES_AGGRESSIVE;
				GCC_WARN_UNUSED_FUNCTION = YES;
				GCC_WARN_UNUSED_VARIABLE = YES;
				INFOPLIST_FILE = "MarvelBrowser/Tests-Info.plist";
				IPHONEOS_DEPLOYMENT_TARGET = 9.3;
				LD_RUNPATH_SEARCH_PATHS = "$(inherited) @executable_path/Frameworks @loader_path/Frameworks";
				PRODUCT_BUNDLE_IDENTIFIER = "org.qualitycoding.$(PRODUCT_NAME:rfc1034identifier)";
				PRODUCT_NAME = "$(TARGET_NAME)";
				TEST_HOST = "$(BUILT_PRODUCTS_DIR)/MarvelBrowser.app/MarvelBrowser";
			};
			name = Release;
		};
		74CC7AA51A1D9036007FCA40 /* Debug */ = {
			isa = XCBuildConfiguration;
			baseConfigurationReference = 747AF50F1A34C16E005EC86B /* XcodeWarnings.xcconfig */;
			buildSettings = {
				ALWAYS_SEARCH_USER_PATHS = NO;
				CLANG_CXX_LANGUAGE_STANDARD = "gnu++0x";
				CLANG_CXX_LIBRARY = "libc++";
				CLANG_ENABLE_MODULES = YES;
				CLANG_ENABLE_OBJC_ARC = YES;
				"CODE_SIGN_IDENTITY[sdk=iphoneos*]" = "iPhone Developer";
				COPY_PHASE_STRIP = NO;
				ENABLE_STRICT_OBJC_MSGSEND = YES;
				ENABLE_TESTABILITY = YES;
				GCC_C_LANGUAGE_STANDARD = gnu99;
				GCC_DYNAMIC_NO_PIC = NO;
				GCC_NO_COMMON_BLOCKS = YES;
				GCC_OPTIMIZATION_LEVEL = 0;
				GCC_PREPROCESSOR_DEFINITIONS = (
					"DEBUG=1",
					"$(inherited)",
				);
				GCC_SYMBOLS_PRIVATE_EXTERN = NO;
				ONLY_ACTIVE_ARCH = YES;
				SDKROOT = iphoneos;
			};
			name = Debug;
		};
		74CC7AA61A1D9036007FCA40 /* Release */ = {
			isa = XCBuildConfiguration;
			baseConfigurationReference = 747AF50F1A34C16E005EC86B /* XcodeWarnings.xcconfig */;
			buildSettings = {
				ALWAYS_SEARCH_USER_PATHS = NO;
				CLANG_CXX_LANGUAGE_STANDARD = "gnu++0x";
				CLANG_CXX_LIBRARY = "libc++";
				CLANG_ENABLE_MODULES = YES;
				CLANG_ENABLE_OBJC_ARC = YES;
				"CODE_SIGN_IDENTITY[sdk=iphoneos*]" = "iPhone Developer";
				COPY_PHASE_STRIP = YES;
				ENABLE_NS_ASSERTIONS = NO;
				ENABLE_STRICT_OBJC_MSGSEND = YES;
				GCC_C_LANGUAGE_STANDARD = gnu99;
				GCC_NO_COMMON_BLOCKS = YES;
				SDKROOT = iphoneos;
				VALIDATE_PRODUCT = YES;
			};
			name = Release;
		};
		74CC7AA81A1D9036007FCA40 /* Debug */ = {
			isa = XCBuildConfiguration;
			buildSettings = {
				ASSETCATALOG_COMPILER_APPICON_NAME = AppIcon;
				HEADER_SEARCH_PATHS = (
					"$(inherited)",
					/Applications/Xcode.app/Contents/Developer/Toolchains/XcodeDefault.xctoolchain/usr/include,
				);
				INFOPLIST_FILE = "MarvelBrowser/App-Info.plist";
				IPHONEOS_DEPLOYMENT_TARGET = 9.3;
				LD_RUNPATH_SEARCH_PATHS = "$(inherited) @executable_path/Frameworks";
				PRODUCT_BUNDLE_IDENTIFIER = "org.qualitycoding.$(PRODUCT_NAME:rfc1034identifier)";
				PRODUCT_NAME = "$(TARGET_NAME)";
			};
			name = Debug;
		};
		74CC7AA91A1D9036007FCA40 /* Release */ = {
			isa = XCBuildConfiguration;
			buildSettings = {
				ASSETCATALOG_COMPILER_APPICON_NAME = AppIcon;
				HEADER_SEARCH_PATHS = (
					"$(inherited)",
					/Applications/Xcode.app/Contents/Developer/Toolchains/XcodeDefault.xctoolchain/usr/include,
				);
				INFOPLIST_FILE = "MarvelBrowser/App-Info.plist";
				IPHONEOS_DEPLOYMENT_TARGET = 9.3;
				LD_RUNPATH_SEARCH_PATHS = "$(inherited) @executable_path/Frameworks";
				PRODUCT_BUNDLE_IDENTIFIER = "org.qualitycoding.$(PRODUCT_NAME:rfc1034identifier)";
				PRODUCT_NAME = "$(TARGET_NAME)";
			};
			name = Release;
		};
		74CC7AAB1A1D9036007FCA40 /* Debug */ = {
			isa = XCBuildConfiguration;
			baseConfigurationReference = 24785E2828932317A9FFF690 /* Pods-MarvelBrowserTests.debug.xcconfig */;
			buildSettings = {
				BUNDLE_LOADER = "$(TEST_HOST)";
				GCC_PREPROCESSOR_DEFINITIONS = (
					"DEBUG=1",
					"$(inherited)",
				);
				INFOPLIST_FILE = "MarvelBrowser/Tests-Info.plist";
				IPHONEOS_DEPLOYMENT_TARGET = 9.3;
				LD_RUNPATH_SEARCH_PATHS = "$(inherited) @executable_path/Frameworks @loader_path/Frameworks";
				PRODUCT_BUNDLE_IDENTIFIER = "org.qualitycoding.$(PRODUCT_NAME:rfc1034identifier)";
				PRODUCT_NAME = "$(TARGET_NAME)";
				TEST_HOST = "$(BUILT_PRODUCTS_DIR)/MarvelBrowser.app/MarvelBrowser";
			};
			name = Debug;
		};
		74CC7AAC1A1D9036007FCA40 /* Release */ = {
			isa = XCBuildConfiguration;
			baseConfigurationReference = 9FBBCFAD0086053CEB04F8CE /* Pods-MarvelBrowserTests.release.xcconfig */;
			buildSettings = {
				BUNDLE_LOADER = "$(TEST_HOST)";
				INFOPLIST_FILE = "MarvelBrowser/Tests-Info.plist";
				IPHONEOS_DEPLOYMENT_TARGET = 9.3;
				LD_RUNPATH_SEARCH_PATHS = "$(inherited) @executable_path/Frameworks @loader_path/Frameworks";
				PRODUCT_BUNDLE_IDENTIFIER = "org.qualitycoding.$(PRODUCT_NAME:rfc1034identifier)";
				PRODUCT_NAME = "$(TARGET_NAME)";
				TEST_HOST = "$(BUILT_PRODUCTS_DIR)/MarvelBrowser.app/MarvelBrowser";
			};
			name = Release;
		};
/* End XCBuildConfiguration section */

/* Begin XCConfigurationList section */
		0E77099E1B50C1CD0056472E /* Build configuration list for PBXNativeTarget "AcceptanceTests" */ = {
			isa = XCConfigurationList;
			buildConfigurations = (
				0E77099C1B50C1CD0056472E /* Debug */,
				0E77099D1B50C1CD0056472E /* Release */,
			);
			defaultConfigurationIsVisible = 0;
			defaultConfigurationName = Release;
		};
		74CC7A7F1A1D9036007FCA40 /* Build configuration list for PBXProject "MarvelBrowser" */ = {
			isa = XCConfigurationList;
			buildConfigurations = (
				74CC7AA51A1D9036007FCA40 /* Debug */,
				74CC7AA61A1D9036007FCA40 /* Release */,
			);
			defaultConfigurationIsVisible = 0;
			defaultConfigurationName = Release;
		};
		74CC7AA71A1D9036007FCA40 /* Build configuration list for PBXNativeTarget "MarvelBrowser" */ = {
			isa = XCConfigurationList;
			buildConfigurations = (
				74CC7AA81A1D9036007FCA40 /* Debug */,
				74CC7AA91A1D9036007FCA40 /* Release */,
			);
			defaultConfigurationIsVisible = 0;
			defaultConfigurationName = Release;
		};
		74CC7AAA1A1D9036007FCA40 /* Build configuration list for PBXNativeTarget "MarvelBrowserTests" */ = {
			isa = XCConfigurationList;
			buildConfigurations = (
				74CC7AAB1A1D9036007FCA40 /* Debug */,
				74CC7AAC1A1D9036007FCA40 /* Release */,
			);
			defaultConfigurationIsVisible = 0;
			defaultConfigurationName = Release;
		};
/* End XCConfigurationList section */
	};
	rootObject = 74CC7A7C1A1D9036007FCA40 /* Project object */;
}
